
Microsoft Visual Studio Solution File, Format Version 12.00
# Visual Studio Version 16
VisualStudioVersion = 16.0.30320.27
MinimumVisualStudioVersion = 10.0.40219.1
Project("{8BC9CEB8-8B4A-11D0-8D11-00A0C91BC942}") = "MySocks5", "MySocks5.vcxproj", "{0FF0860E-9E8F-4EE9-BE46-C39D597720A0}"
EndProject
Global
	GlobalSection(SolutionConfigurationPlatforms) = preSolution
		Debug|x64 = Debug|x64
		Debug|x86 = Debug|x86
		getopt-test|x64 = getopt-test|x64
		getopt-test|x86 = getopt-test|x86
		Release|x64 = Release|x64
		Release|x86 = Release|x86
	EndGlobalSection
	GlobalSection(ProjectConfigurationPlatforms) = postSolution
		{0FF0860E-9E8F-4EE9-BE46-C39D597720A0}.Debug|x64.ActiveCfg = Debug|x64
		{0FF0860E-9E8F-4EE9-BE46-C39D597720A0}.Debug|x64.Build.0 = Debug|x64
		{0FF0860E-9E8F-4EE9-BE46-C39D597720A0}.Debug|x86.ActiveCfg = Debug|Win32
		{0FF0860E-9E8F-4EE9-BE46-C39D597720A0}.Debug|x86.Build.0 = Debug|Win32
		{0FF0860E-9E8F-4EE9-BE46-C39D597720A0}.getopt-test|x64.ActiveCfg = getopt-test|x64
		{0FF0860E-9E8F-4EE9-BE46-C39D597720A0}.getopt-test|x64.Build.0 = getopt-test|x64
		{0FF0860E-9E8F-4EE9-BE46-C39D597720A0}.getopt-test|x86.ActiveCfg = getopt-test|Win32
		{0FF0860E-9E8F-4EE9-BE46-C39D597720A0}.getopt-test|x86.Build.0 = getopt-test|Win32
		{0FF0860E-9E8F-4EE9-BE46-C39D597720A0}.Release|x64.ActiveCfg = Release|x64
		{0FF0860E-9E8F-4EE9-BE46-C39D597720A0}.Release|x64.Build.0 = Release|x64
		{0FF0860E-9E8F-4EE9-BE46-C39D597720A0}.Release|x86.ActiveCfg = Release|Win32
		{0FF0860E-9E8F-4EE9-BE46-C39D597720A0}.Release|x86.Build.0 = Release|Win32
	EndGlobalSection
	GlobalSection(SolutionProperties) = preSolution
		HideSolutionNode = FALSE
	EndGlobalSection
	GlobalSection(ExtensibilityGlobals) = postSolution
		SolutionGuid = {CA5F92D9-368E-498F-AC4F-ED4C4F949AA9}
	EndGlobalSection
EndGlobal
